# This file is autogenerated, do not edit; changes may be undone by the next 'dep ensure'.


[[projects]]
  name = "github.com/Masterminds/semver"
  packages = ["."]
  revision = "59c29afe1a994eacb71c833025ca7acf874bb1da"
  version = "v1.2.2"

[[projects]]
  name = "github.com/Masterminds/sprig"
  packages = ["."]
  revision = "6b2a58267f6a8b1dc8e2eb5519b984008fa85e8c"
  version = "v2.15.0"

[[projects]]
  name = "github.com/aokoli/goutils"
  packages = ["."]
  revision = "3391d3790d23d03408670993e957e8f408993c34"
  version = "v1.0.1"

[[projects]]
  name = "github.com/google/uuid"
  packages = ["."]
  revision = "064e2069ce9c359c118179501254f67d7d37ba24"
  version = "0.2"

[[projects]]
  name = "github.com/huandu/xstrings"
  packages = ["."]
  revision = "2bf18b218c51864a87384c06996e40ff9dcff8e1"
  version = "v1.0.0"

[[projects]]
  name = "github.com/imdario/mergo"
  packages = ["."]
  revision = "7fe0c75c13abdee74b09fcacef5ea1c6bba6a874"
  version = "0.2.4"

[[projects]]
  name = "github.com/joho/godotenv"
  packages = ["."]
  revision = "a79fa1e548e2c689c241d10173efd51e5d689d5b"
  version = "v1.2.0"

[[projects]]
  name = "github.com/urfave/cli"
  packages = ["."]
  revision = "cfb38830724cc34fedffe9a2a29fb54fa9169cd1"
  version = "v1.20.0"

[[projects]]
  name = "golang.org/x/crypto"
  packages = [
    "pbkdf2",
    "scrypt"
  ]
  revision = "d6449816ce06963d9d136eee5a56fca5b0616e7e"

[[projects]]
  name = "gopkg.in/yaml.v2"
  packages = ["."]
  revision = "cd8b52f8269e0feb286dfeef29f8fe4d5b397e0b"

[solve-meta]
  analyzer-name = "dep"
  analyzer-version = 1
  inputs-digest = "cd591ee9780a5fa6eef035cc8d59b2e62aefa2bf192df7dab2472c70d465c275"
  solver-name = "gps-cdcl"
  solver-version = 1
